
Microsoft Visual Studio Solution File, Format Version 12.00
# Visual Studio Version 17
VisualStudioVersion = 17.0.32112.339
MinimumVisualStudioVersion = 10.0.40219.1
Project("{FAE04EC0-301F-11D3-BF4B-00C04F79EFBC}") = "Patrick-Slaines-Anagram-Challenge-Answer", "Patrick-Slaines-Anagram-Challenge-Answer\Patrick-Slaines-Anagram-Challenge-Answer.csproj", "{092F3627-A406-47CE-81A0-76BCBA0DEB0D}"
EndProject
Project("{2150E333-8FDC-42A3-9474-1A3956D46DE8}") = "Solution Items", "Solution Items", "{3D13C39F-18D3-47B1-88DD-56FD06879D0E}"
	ProjectSection(SolutionItems) = preProject
		.editorconfig = .editorconfig
	EndProjectSection
EndProject
Global
	GlobalSection(SolutionConfigurationPlatforms) = preSolution
		Debug|Any CPU = Debug|Any CPU
		Release|Any CPU = Release|Any CPU
	EndGlobalSection
	GlobalSection(ProjectConfigurationPlatforms) = postSolution
		{092F3627-A406-47CE-81A0-76BCBA0DEB0D}.Debug|Any CPU.ActiveCfg = Debug|Any CPU
		{092F3627-A406-47CE-81A0-76BCBA0DEB0D}.Debug|Any CPU.Build.0 = Debug|Any CPU
		{092F3627-A406-47CE-81A0-76BCBA0DEB0D}.Release|Any CPU.ActiveCfg = Release|Any CPU
		{092F3627-A406-47CE-81A0-76BCBA0DEB0D}.Release|Any CPU.Build.0 = Release|Any CPU
	EndGlobalSection
	GlobalSection(SolutionProperties) = preSolution
		HideSolutionNode = FALSE
	EndGlobalSection
	GlobalSection(ExtensibilityGlobals) = postSolution
		SolutionGuid = {89586C9B-4264-48DA-9A7B-0EB5FD4D4023}
	EndGlobalSection
EndGlobal
